
Microsoft Visual Studio Solution File, Format Version 12.00
# Visual Studio Version 16
VisualStudioVersion = 16.0.30011.22
MinimumVisualStudioVersion = 10.0.40219.1
Project("{FAE04EC0-301F-11D3-BF4B-00C04F79EFBC}") = "Intel8086Simulator", "symulator_rejestru\Intel8086Simulator.csproj", "{9CECD800-B500-4A70-B55C-5AFE2B2FF684}"
EndProject
Project("{FAE04EC0-301F-11D3-BF4B-00C04F79EFBC}") = "UnitTests", "UnitTests\UnitTests.csproj", "{0873E6F7-32A1-4316-ADD3-77012144DDD3}"
	ProjectSection(ProjectDependencies) = postProject
		{9CECD800-B500-4A70-B55C-5AFE2B2FF684} = {9CECD800-B500-4A70-B55C-5AFE2B2FF684}
	EndProjectSection
EndProject
Global
	GlobalSection(SolutionConfigurationPlatforms) = preSolution
		Debug|Any CPU = Debug|Any CPU
		Release|Any CPU = Release|Any CPU
	EndGlobalSection
	GlobalSection(ProjectConfigurationPlatforms) = postSolution
		{9CECD800-B500-4A70-B55C-5AFE2B2FF684}.Debug|Any CPU.ActiveCfg = Debug|Any CPU
		{9CECD800-B500-4A70-B55C-5AFE2B2FF684}.Debug|Any CPU.Build.0 = Debug|Any CPU
		{9CECD800-B500-4A70-B55C-5AFE2B2FF684}.Release|Any CPU.ActiveCfg = Release|Any CPU
		{9CECD800-B500-4A70-B55C-5AFE2B2FF684}.Release|Any CPU.Build.0 = Release|Any CPU
		{0873E6F7-32A1-4316-ADD3-77012144DDD3}.Debug|Any CPU.ActiveCfg = Debug|Any CPU
		{0873E6F7-32A1-4316-ADD3-77012144DDD3}.Debug|Any CPU.Build.0 = Debug|Any CPU
		{0873E6F7-32A1-4316-ADD3-77012144DDD3}.Release|Any CPU.ActiveCfg = Release|Any CPU
		{0873E6F7-32A1-4316-ADD3-77012144DDD3}.Release|Any CPU.Build.0 = Release|Any CPU
	EndGlobalSection
	GlobalSection(SolutionProperties) = preSolution
		HideSolutionNode = FALSE
	EndGlobalSection
	GlobalSection(ExtensibilityGlobals) = postSolution
		SolutionGuid = {BFB3D5EC-0C71-4CE5-A80C-8006DA49E66D}
	EndGlobalSection
EndGlobal
